{
  "name": "glsl-2d-primitives",
  "version": "1.0.0",
  "lockfileVersion": 1,
  "requires": true,
  "dependencies": {
    "glsl-aastep": {
      "version": "1.0.1",
      "resolved": "https://registry.npmjs.org/glsl-aastep/-/glsl-aastep-1.0.1.tgz",
      "integrity": "sha1-7q8Wlh5HLJuLPZZdCAq47B1Ma7g="
    }
  }
}
